
Microsoft Visual Studio Solution File, Format Version 12.00
# Visual Studio 2012
Project("{FAE04EC0-301F-11D3-BF4B-00C04F79EFBC}") = "GtdPad", "GtdPad\GtdPad.csproj", "{B71501FD-7C8E-4BDA-B144-DB12FCBB227B}"
EndProject
Global
	GlobalSection(TeamFoundationVersionControl) = preSolution
		SccNumberOfProjects = 2
		SccEnterpriseProvider = {4CA58AB2-18FA-4F8D-95D4-32DDF27D184C}
		SccTeamFoundationServer = https://tfs.codeplex.com/tfs/tfs28
		SccLocalPath0 = .
		SccProjectUniqueName1 = GtdPad\\GtdPad.csproj
		SccProjectName1 = GtdPad
		SccLocalPath1 = GtdPad
	EndGlobalSection
	GlobalSection(SolutionConfigurationPlatforms) = preSolution
		Debug|Any CPU = Debug|Any CPU
		Debug|ARM = Debug|ARM
		Debug|x64 = Debug|x64
		Debug|x86 = Debug|x86
		Release|Any CPU = Release|Any CPU
		Release|ARM = Release|ARM
		Release|x64 = Release|x64
		Release|x86 = Release|x86
	EndGlobalSection
	GlobalSection(ProjectConfigurationPlatforms) = postSolution
		{B71501FD-7C8E-4BDA-B144-DB12FCBB227B}.Debug|Any CPU.ActiveCfg = Debug|Any CPU
		{B71501FD-7C8E-4BDA-B144-DB12FCBB227B}.Debug|Any CPU.Build.0 = Debug|Any CPU
		{B71501FD-7C8E-4BDA-B144-DB12FCBB227B}.Debug|Any CPU.Deploy.0 = Debug|Any CPU
		{B71501FD-7C8E-4BDA-B144-DB12FCBB227B}.Debug|ARM.ActiveCfg = Debug|ARM
		{B71501FD-7C8E-4BDA-B144-DB12FCBB227B}.Debug|ARM.Build.0 = Debug|ARM
		{B71501FD-7C8E-4BDA-B144-DB12FCBB227B}.Debug|ARM.Deploy.0 = Debug|ARM
		{B71501FD-7C8E-4BDA-B144-DB12FCBB227B}.Debug|x64.ActiveCfg = Debug|x64
		{B71501FD-7C8E-4BDA-B144-DB12FCBB227B}.Debug|x64.Build.0 = Debug|x64
		{B71501FD-7C8E-4BDA-B144-DB12FCBB227B}.Debug|x64.Deploy.0 = Debug|x64
		{B71501FD-7C8E-4BDA-B144-DB12FCBB227B}.Debug|x86.ActiveCfg = Debug|x86
		{B71501FD-7C8E-4BDA-B144-DB12FCBB227B}.Debug|x86.Build.0 = Debug|x86
		{B71501FD-7C8E-4BDA-B144-DB12FCBB227B}.Debug|x86.Deploy.0 = Debug|x86
		{B71501FD-7C8E-4BDA-B144-DB12FCBB227B}.Release|Any CPU.ActiveCfg = Release|Any CPU
		{B71501FD-7C8E-4BDA-B144-DB12FCBB227B}.Release|Any CPU.Build.0 = Release|Any CPU
		{B71501FD-7C8E-4BDA-B144-DB12FCBB227B}.Release|Any CPU.Deploy.0 = Release|Any CPU
		{B71501FD-7C8E-4BDA-B144-DB12FCBB227B}.Release|ARM.ActiveCfg = Release|ARM
		{B71501FD-7C8E-4BDA-B144-DB12FCBB227B}.Release|ARM.Build.0 = Release|ARM
		{B71501FD-7C8E-4BDA-B144-DB12FCBB227B}.Release|ARM.Deploy.0 = Release|ARM
		{B71501FD-7C8E-4BDA-B144-DB12FCBB227B}.Release|x64.ActiveCfg = Release|x64
		{B71501FD-7C8E-4BDA-B144-DB12FCBB227B}.Release|x64.Build.0 = Release|x64
		{B71501FD-7C8E-4BDA-B144-DB12FCBB227B}.Release|x64.Deploy.0 = Release|x64
		{B71501FD-7C8E-4BDA-B144-DB12FCBB227B}.Release|x86.ActiveCfg = Release|x86
		{B71501FD-7C8E-4BDA-B144-DB12FCBB227B}.Release|x86.Build.0 = Release|x86
		{B71501FD-7C8E-4BDA-B144-DB12FCBB227B}.Release|x86.Deploy.0 = Release|x86
	EndGlobalSection
	GlobalSection(SolutionProperties) = preSolution
		HideSolutionNode = FALSE
	EndGlobalSection
EndGlobal
